
Microsoft Visual Studio Solution File, Format Version 12.00
# Visual Studio 14
VisualStudioVersion = 14.0.24720.0
MinimumVisualStudioVersion = 10.0.40219.1
Project("{FAE04EC0-301F-11D3-BF4B-00C04F79EFBC}") = "angular-signalr-getting-started", "angular-signalr-getting-started.csproj", "{02C48B84-0B8E-4A08-861C-C84EBFBA68D9}"
EndProject
Global
	GlobalSection(SolutionConfigurationPlatforms) = preSolution
		Debug|Any CPU = Debug|Any CPU
		Release|Any CPU = Release|Any CPU
	EndGlobalSection
	GlobalSection(ProjectConfigurationPlatforms) = postSolution
		{02C48B84-0B8E-4A08-861C-C84EBFBA68D9}.Debug|Any CPU.ActiveCfg = Debug|Any CPU
		{02C48B84-0B8E-4A08-861C-C84EBFBA68D9}.Debug|Any CPU.Build.0 = Debug|Any CPU
		{02C48B84-0B8E-4A08-861C-C84EBFBA68D9}.Release|Any CPU.ActiveCfg = Release|Any CPU
		{02C48B84-0B8E-4A08-861C-C84EBFBA68D9}.Release|Any CPU.Build.0 = Release|Any CPU
	EndGlobalSection
	GlobalSection(SolutionProperties) = preSolution
		HideSolutionNode = FALSE
	EndGlobalSection
EndGlobal
